
Microsoft Visual Studio Solution File, Format Version 12.00
# Visual Studio Version 17
VisualStudioVersion = 17.3.32825.248
MinimumVisualStudioVersion = 10.0.40219.1
Project("{9A19103F-16F7-4668-BE54-9A1E7A4F7556}") = "PrisonersDilemma", "PrisonersDilemma\PrisonersDilemma.csproj", "{567CE526-6864-4F3D-8C01-38511120459F}"
EndProject
Project("{9A19103F-16F7-4668-BE54-9A1E7A4F7556}") = "PrisonersDilemmaTest", "PrisonersDilemmaTest\PrisonersDilemmaTest.csproj", "{093D1D25-E167-4CAC-BEEC-6F9D1EB8F209}"
EndProject
Global
	GlobalSection(SolutionConfigurationPlatforms) = preSolution
		Debug|Any CPU = Debug|Any CPU
		Release|Any CPU = Release|Any CPU
	EndGlobalSection
	GlobalSection(ProjectConfigurationPlatforms) = postSolution
		{567CE526-6864-4F3D-8C01-38511120459F}.Debug|Any CPU.ActiveCfg = Debug|Any CPU
		{567CE526-6864-4F3D-8C01-38511120459F}.Debug|Any CPU.Build.0 = Debug|Any CPU
		{567CE526-6864-4F3D-8C01-38511120459F}.Release|Any CPU.ActiveCfg = Release|Any CPU
		{567CE526-6864-4F3D-8C01-38511120459F}.Release|Any CPU.Build.0 = Release|Any CPU
		{093D1D25-E167-4CAC-BEEC-6F9D1EB8F209}.Debug|Any CPU.ActiveCfg = Debug|Any CPU
		{093D1D25-E167-4CAC-BEEC-6F9D1EB8F209}.Debug|Any CPU.Build.0 = Debug|Any CPU
		{093D1D25-E167-4CAC-BEEC-6F9D1EB8F209}.Release|Any CPU.ActiveCfg = Release|Any CPU
		{093D1D25-E167-4CAC-BEEC-6F9D1EB8F209}.Release|Any CPU.Build.0 = Release|Any CPU
	EndGlobalSection
	GlobalSection(SolutionProperties) = preSolution
		HideSolutionNode = FALSE
	EndGlobalSection
	GlobalSection(ExtensibilityGlobals) = postSolution
		SolutionGuid = {456E7386-0627-4551-9989-240B9B1D6747}
	EndGlobalSection
EndGlobal
